
Microsoft Visual Studio Solution File, Format Version 11.00
# Visual Studio 2010
Project("{FAE04EC0-301F-11D3-BF4B-00C04F79EFBC}") = "meal.ui", "meal.ui.csproj", "{7C8BBCCA-9DCF-4540-A62A-5EBC5DA72840}"
EndProject
Project("{FAE04EC0-301F-11D3-BF4B-00C04F79EFBC}") = "meal.svc", "..\meal.svc\meal.svc.csproj", "{D4F48527-1A3F-490D-BB14-3B17BD55D049}"
EndProject
Global
	GlobalSection(SolutionConfigurationPlatforms) = preSolution
		Debug|Any CPU = Debug|Any CPU
		Release|Any CPU = Release|Any CPU
	EndGlobalSection
	GlobalSection(ProjectConfigurationPlatforms) = postSolution
		{7C8BBCCA-9DCF-4540-A62A-5EBC5DA72840}.Debug|Any CPU.ActiveCfg = Debug|Any CPU
		{7C8BBCCA-9DCF-4540-A62A-5EBC5DA72840}.Debug|Any CPU.Build.0 = Debug|Any CPU
		{7C8BBCCA-9DCF-4540-A62A-5EBC5DA72840}.Release|Any CPU.ActiveCfg = Release|Any CPU
		{7C8BBCCA-9DCF-4540-A62A-5EBC5DA72840}.Release|Any CPU.Build.0 = Release|Any CPU
		{D4F48527-1A3F-490D-BB14-3B17BD55D049}.Debug|Any CPU.ActiveCfg = Debug|Any CPU
		{D4F48527-1A3F-490D-BB14-3B17BD55D049}.Debug|Any CPU.Build.0 = Debug|Any CPU
		{D4F48527-1A3F-490D-BB14-3B17BD55D049}.Release|Any CPU.ActiveCfg = Release|Any CPU
		{D4F48527-1A3F-490D-BB14-3B17BD55D049}.Release|Any CPU.Build.0 = Release|Any CPU
	EndGlobalSection
	GlobalSection(SolutionProperties) = preSolution
		HideSolutionNode = FALSE
	EndGlobalSection
EndGlobal
